
Microsoft Visual Studio Solution File, Format Version 12.00
# Visual Studio Version 17
VisualStudioVersion = 17.14.36310.24 d17.14
MinimumVisualStudioVersion = 10.0.40219.1
Project("{FAE04EC0-301F-11D3-BF4B-00C04F79EFBC}") = "otomasyon.Konsol", "otomasyon.Konsol\otomasyon.Konsol.csproj", "{6C97BCBB-EAD2-48AE-999A-C7EF76B4A226}"
EndProject
Project("{FAE04EC0-301F-11D3-BF4B-00C04F79EFBC}") = "otomasyon.data", "otomasyon.data\otomasyon.data.csproj", "{7E07A94C-4583-45D1-9F45-ACC103A285FA}"
EndProject
Project("{FAE04EC0-301F-11D3-BF4B-00C04F79EFBC}") = "otomasyon.Business", "otomasyon.Business\otomasyon.Business.csproj", "{7C87A464-3AEF-4568-93C2-383B6C086C5E}"
EndProject
Project("{FAE04EC0-301F-11D3-BF4B-00C04F79EFBC}") = "UI", "UI\UI.csproj", "{37B32948-956C-4C0B-A434-C17ECDF8DB59}"
EndProject
Global
	GlobalSection(SolutionConfigurationPlatforms) = preSolution
		Debug|Any CPU = Debug|Any CPU
		Release|Any CPU = Release|Any CPU
	EndGlobalSection
	GlobalSection(ProjectConfigurationPlatforms) = postSolution
		{6C97BCBB-EAD2-48AE-999A-C7EF76B4A226}.Debug|Any CPU.ActiveCfg = Debug|Any CPU
		{6C97BCBB-EAD2-48AE-999A-C7EF76B4A226}.Debug|Any CPU.Build.0 = Debug|Any CPU
		{6C97BCBB-EAD2-48AE-999A-C7EF76B4A226}.Release|Any CPU.ActiveCfg = Release|Any CPU
		{6C97BCBB-EAD2-48AE-999A-C7EF76B4A226}.Release|Any CPU.Build.0 = Release|Any CPU
		{7E07A94C-4583-45D1-9F45-ACC103A285FA}.Debug|Any CPU.ActiveCfg = Debug|Any CPU
		{7E07A94C-4583-45D1-9F45-ACC103A285FA}.Debug|Any CPU.Build.0 = Debug|Any CPU
		{7E07A94C-4583-45D1-9F45-ACC103A285FA}.Release|Any CPU.ActiveCfg = Release|Any CPU
		{7E07A94C-4583-45D1-9F45-ACC103A285FA}.Release|Any CPU.Build.0 = Release|Any CPU
		{7C87A464-3AEF-4568-93C2-383B6C086C5E}.Debug|Any CPU.ActiveCfg = Debug|Any CPU
		{7C87A464-3AEF-4568-93C2-383B6C086C5E}.Debug|Any CPU.Build.0 = Debug|Any CPU
		{7C87A464-3AEF-4568-93C2-383B6C086C5E}.Release|Any CPU.ActiveCfg = Release|Any CPU
		{7C87A464-3AEF-4568-93C2-383B6C086C5E}.Release|Any CPU.Build.0 = Release|Any CPU
		{37B32948-956C-4C0B-A434-C17ECDF8DB59}.Debug|Any CPU.ActiveCfg = Debug|Any CPU
		{37B32948-956C-4C0B-A434-C17ECDF8DB59}.Debug|Any CPU.Build.0 = Debug|Any CPU
		{37B32948-956C-4C0B-A434-C17ECDF8DB59}.Release|Any CPU.ActiveCfg = Release|Any CPU
		{37B32948-956C-4C0B-A434-C17ECDF8DB59}.Release|Any CPU.Build.0 = Release|Any CPU
	EndGlobalSection
	GlobalSection(SolutionProperties) = preSolution
		HideSolutionNode = FALSE
	EndGlobalSection
	GlobalSection(ExtensibilityGlobals) = postSolution
		SolutionGuid = {AADAF09B-B043-40B1-BD15-BA17608F21E0}
	EndGlobalSection
EndGlobal
